
Microsoft Visual Studio Solution File, Format Version 12.00
# Visual Studio Version 17
VisualStudioVersion = 17.5.33502.453
MinimumVisualStudioVersion = 10.0.40219.1
Project("{9A19103F-16F7-4668-BE54-9A1E7A4F7556}") = "LocalNativeProvider", "src\LocalNativeProvider\LocalNativeProvider.csproj", "{AEED3BE4-3F1D-49B6-BA7E-0A7A07BE01C9}"
EndProject
Global
	GlobalSection(SolutionConfigurationPlatforms) = preSolution
		Debug|Any CPU = Debug|Any CPU
		Release|Any CPU = Release|Any CPU
	EndGlobalSection
	GlobalSection(ProjectConfigurationPlatforms) = postSolution
		{AEED3BE4-3F1D-49B6-BA7E-0A7A07BE01C9}.Debug|Any CPU.ActiveCfg = Debug|Any CPU
		{AEED3BE4-3F1D-49B6-BA7E-0A7A07BE01C9}.Debug|Any CPU.Build.0 = Debug|Any CPU
		{AEED3BE4-3F1D-49B6-BA7E-0A7A07BE01C9}.Release|Any CPU.ActiveCfg = Release|Any CPU
		{AEED3BE4-3F1D-49B6-BA7E-0A7A07BE01C9}.Release|Any CPU.Build.0 = Release|Any CPU
	EndGlobalSection
	GlobalSection(SolutionProperties) = preSolution
		HideSolutionNode = FALSE
	EndGlobalSection
	GlobalSection(ExtensibilityGlobals) = postSolution
		SolutionGuid = {DB128793-2F59-4011-A8E0-5E492096B60E}
	EndGlobalSection
EndGlobal
